
Microsoft Visual Studio Solution File, Format Version 12.00
# Visual Studio Version 17
VisualStudioVersion = 17.0.31903.59
MinimumVisualStudioVersion = 10.0.40219.1
Project("{FAE04EC0-301F-11D3-BF4B-00C04F79EFBC}") = "Crystals.Core", "Crystals.Core\Crystals.Core.csproj", "{23E47750-7B67-4C12-B0F9-74AF3C595781}"
EndProject
Project("{FAE04EC0-301F-11D3-BF4B-00C04F79EFBC}") = "Crystals.App", "Crystals.App\Crystals.App.csproj", "{E9B1B4B8-B7CC-47FE-856F-4AABABAE77FC}"
EndProject
Global
	GlobalSection(SolutionConfigurationPlatforms) = preSolution
		Debug|Any CPU = Debug|Any CPU
		Debug|x64 = Debug|x64
		Debug|x86 = Debug|x86
		Release|Any CPU = Release|Any CPU
		Release|x64 = Release|x64
		Release|x86 = Release|x86
	EndGlobalSection
	GlobalSection(ProjectConfigurationPlatforms) = postSolution
		{23E47750-7B67-4C12-B0F9-74AF3C595781}.Debug|Any CPU.ActiveCfg = Debug|Any CPU
		{23E47750-7B67-4C12-B0F9-74AF3C595781}.Debug|Any CPU.Build.0 = Debug|Any CPU
		{23E47750-7B67-4C12-B0F9-74AF3C595781}.Debug|x64.ActiveCfg = Debug|Any CPU
		{23E47750-7B67-4C12-B0F9-74AF3C595781}.Debug|x64.Build.0 = Debug|Any CPU
		{23E47750-7B67-4C12-B0F9-74AF3C595781}.Debug|x86.ActiveCfg = Debug|Any CPU
		{23E47750-7B67-4C12-B0F9-74AF3C595781}.Debug|x86.Build.0 = Debug|Any CPU
		{23E47750-7B67-4C12-B0F9-74AF3C595781}.Release|Any CPU.ActiveCfg = Release|Any CPU
		{23E47750-7B67-4C12-B0F9-74AF3C595781}.Release|Any CPU.Build.0 = Release|Any CPU
		{23E47750-7B67-4C12-B0F9-74AF3C595781}.Release|x64.ActiveCfg = Release|Any CPU
		{23E47750-7B67-4C12-B0F9-74AF3C595781}.Release|x64.Build.0 = Release|Any CPU
		{23E47750-7B67-4C12-B0F9-74AF3C595781}.Release|x86.ActiveCfg = Release|Any CPU
		{23E47750-7B67-4C12-B0F9-74AF3C595781}.Release|x86.Build.0 = Release|Any CPU
		{E9B1B4B8-B7CC-47FE-856F-4AABABAE77FC}.Debug|Any CPU.ActiveCfg = Debug|Any CPU
		{E9B1B4B8-B7CC-47FE-856F-4AABABAE77FC}.Debug|Any CPU.Build.0 = Debug|Any CPU
		{E9B1B4B8-B7CC-47FE-856F-4AABABAE77FC}.Debug|x64.ActiveCfg = Debug|Any CPU
		{E9B1B4B8-B7CC-47FE-856F-4AABABAE77FC}.Debug|x64.Build.0 = Debug|Any CPU
		{E9B1B4B8-B7CC-47FE-856F-4AABABAE77FC}.Debug|x86.ActiveCfg = Debug|Any CPU
		{E9B1B4B8-B7CC-47FE-856F-4AABABAE77FC}.Debug|x86.Build.0 = Debug|Any CPU
		{E9B1B4B8-B7CC-47FE-856F-4AABABAE77FC}.Release|Any CPU.ActiveCfg = Release|Any CPU
		{E9B1B4B8-B7CC-47FE-856F-4AABABAE77FC}.Release|Any CPU.Build.0 = Release|Any CPU
		{E9B1B4B8-B7CC-47FE-856F-4AABABAE77FC}.Release|x64.ActiveCfg = Release|Any CPU
		{E9B1B4B8-B7CC-47FE-856F-4AABABAE77FC}.Release|x64.Build.0 = Release|Any CPU
		{E9B1B4B8-B7CC-47FE-856F-4AABABAE77FC}.Release|x86.ActiveCfg = Release|Any CPU
		{E9B1B4B8-B7CC-47FE-856F-4AABABAE77FC}.Release|x86.Build.0 = Release|Any CPU
	EndGlobalSection
	GlobalSection(SolutionProperties) = preSolution
		HideSolutionNode = FALSE
	EndGlobalSection
EndGlobal
